
Microsoft Visual Studio Solution File, Format Version 12.00
# Visual Studio Version 17
VisualStudioVersion = 17.4.33213.308
MinimumVisualStudioVersion = 10.0.40219.1
Project("{FAE04EC0-301F-11D3-BF4B-00C04F79EFBC}") = "EmployeeManegement", "EmployeeManegement.csproj", "{029265E9-B61A-413B-80D1-58ED3C47BEC9}"
EndProject
Global
	GlobalSection(SolutionConfigurationPlatforms) = preSolution
		Debug|Any CPU = Debug|Any CPU
		Release|Any CPU = Release|Any CPU
	EndGlobalSection
	GlobalSection(ProjectConfigurationPlatforms) = postSolution
		{029265E9-B61A-413B-80D1-58ED3C47BEC9}.Debug|Any CPU.ActiveCfg = Debug|Any CPU
		{029265E9-B61A-413B-80D1-58ED3C47BEC9}.Debug|Any CPU.Build.0 = Debug|Any CPU
		{029265E9-B61A-413B-80D1-58ED3C47BEC9}.Release|Any CPU.ActiveCfg = Release|Any CPU
		{029265E9-B61A-413B-80D1-58ED3C47BEC9}.Release|Any CPU.Build.0 = Release|Any CPU
	EndGlobalSection
	GlobalSection(SolutionProperties) = preSolution
		HideSolutionNode = FALSE
	EndGlobalSection
	GlobalSection(ExtensibilityGlobals) = postSolution
		SolutionGuid = {7C426479-AA5B-47DD-AD4E-C4CB01EEC374}
	EndGlobalSection
EndGlobal
